# @generated by Move, please check-in and do not edit manually.

[move]
version = 3
manifest_digest = "6340A641A379622031BAE433C02F1837C1A03890FBA0C56E1F469194B0C98AC7"
deps_digest = "F8BBB0CCB2491CA29A3DF03D6F92277A4F3574266507ACD77214D37ECA3F3082"
dependencies = [
  { id = "Sui", name = "Sui" },
]

[[move.package]]
id = "MoveStdlib"
source = { git = "https://github.com/MystenLabs/sui.git", rev = "framework/testnet", subdir = "crates\\sui-framework\\packages\\move-stdlib" }

[[move.package]]
id = "Sui"
source = { git = "https://github.com/MystenLabs/sui.git", rev = "framework/testnet", subdir = "crates/sui-framework/packages/sui-framework" }

dependencies = [
  { id = "MoveStdlib", name = "MoveStdlib" },
]

[move.toolchain-version]
compiler-version = "1.53.0"
edition = "2024.beta"
flavor = "sui"

[env]

[env.testnet]
chain-id = "4c78adac"
original-published-id = "0xecc4feb10aa365b0544bd2914407abb8a9d37bfcab35be1dfbe67717fe8622b7"
latest-published-id = "0xecc4feb10aa365b0544bd2914407abb8a9d37bfcab35be1dfbe67717fe8622b7"
published-version = "1"
